
Microsoft Visual Studio Solution File, Format Version 12.00
# Visual Studio Version 16
VisualStudioVersion = 16.0.31729.503
MinimumVisualStudioVersion = 10.0.40219.1
Project("{FAE04EC0-301F-11D3-BF4B-00C04F79EFBC}") = "MouseB", "MouseB.csproj", "{E0410916-D500-4550-BC93-3C919E6C6B86}"
EndProject
Global
	GlobalSection(SolutionConfigurationPlatforms) = preSolution
		Debug|Any CPU = Debug|Any CPU
		Release|Any CPU = Release|Any CPU
	EndGlobalSection
	GlobalSection(ProjectConfigurationPlatforms) = postSolution
		{E0410916-D500-4550-BC93-3C919E6C6B86}.Debug|Any CPU.ActiveCfg = Debug|Any CPU
		{E0410916-D500-4550-BC93-3C919E6C6B86}.Debug|Any CPU.Build.0 = Debug|Any CPU
		{E0410916-D500-4550-BC93-3C919E6C6B86}.Release|Any CPU.ActiveCfg = Release|Any CPU
		{E0410916-D500-4550-BC93-3C919E6C6B86}.Release|Any CPU.Build.0 = Release|Any CPU
	EndGlobalSection
	GlobalSection(SolutionProperties) = preSolution
		HideSolutionNode = FALSE
	EndGlobalSection
	GlobalSection(ExtensibilityGlobals) = postSolution
		SolutionGuid = {3BEA3606-6854-4732-9D9E-05464731772F}
	EndGlobalSection
EndGlobal
